<?xml version="1.0" encoding="UTF-8" standalone="yes" ?>
<CodeBlocks_project_file>
   <FileVersion major="1" minor="6" />
   <Project>
      <Option title="OSGGIS" />
      <Option makefile_is_custom="1" />
      <Option compiler="gcc" />
      <Option virtualFolders="CMake Files\;CMake Files\CMakeModules\;CMake Files\src\;CMake Files\src\osgGIS\;CMake Files\src\osgGISProjects\;CMake Files\src\osggis_build\;CMake Files\src\osggis_makelayer\;CMake Files\src\osggis_simple\;CMake Files\src\osggis_viewer\;CMake Files\src\osggis_mapper\;CMake Files\src\osggis_drape\;CMake Files\tests\;CMake Files\tests\encode\;" />
      <Build>
      <Target title="all">
         <Option working_dir="/home/jatrigueros/programas/osggis_googlecode/3dgis" />
         <Option type="4" />
         <MakeCommands>
            <Build command="/usr/bin/make -f &quot;/home/jatrigueros/programas/osggis_googlecode/3dgis/Makefile&quot; all" />
            <CompileFile command="/usr/bin/make -f &quot;/home/jatrigueros/programas/osggis_googlecode/3dgis/Makefile&quot; &quot;$file&quot;" />
            <Clean command="/usr/bin/make -f &quot;/home/jatrigueros/programas/osggis_googlecode/3dgis/Makefile&quot; clean" />
            <DistClean command="/usr/bin/make -f &quot;/home/jatrigueros/programas/osggis_googlecode/3dgis/Makefile&quot; clean" />
         </MakeCommands>
      </Target>
      <Target title="edit_cache">
         <Option working_dir="/home/jatrigueros/programas/osggis_googlecode/3dgis" />
         <Option type="4" />
         <MakeCommands>
            <Build command="/usr/bin/make -f &quot;/home/jatrigueros/programas/osggis_googlecode/3dgis/Makefile&quot; edit_cache" />
            <CompileFile command="/usr/bin/make -f &quot;/home/jatrigueros/programas/osggis_googlecode/3dgis/Makefile&quot; &quot;$file&quot;" />
            <Clean command="/usr/bin/make -f &quot;/home/jatrigueros/programas/osggis_googlecode/3dgis/Makefile&quot; clean" />
            <DistClean command="/usr/bin/make -f &quot;/home/jatrigueros/programas/osggis_googlecode/3dgis/Makefile&quot; clean" />
         </MakeCommands>
      </Target>
      <Target title="install">
         <Option working_dir="/home/jatrigueros/programas/osggis_googlecode/3dgis" />
         <Option type="4" />
         <MakeCommands>
            <Build command="/usr/bin/make -f &quot;/home/jatrigueros/programas/osggis_googlecode/3dgis/Makefile&quot; install" />
            <CompileFile command="/usr/bin/make -f &quot;/home/jatrigueros/programas/osggis_googlecode/3dgis/Makefile&quot; &quot;$file&quot;" />
            <Clean command="/usr/bin/make -f &quot;/home/jatrigueros/programas/osggis_googlecode/3dgis/Makefile&quot; clean" />
            <DistClean command="/usr/bin/make -f &quot;/home/jatrigueros/programas/osggis_googlecode/3dgis/Makefile&quot; clean" />
         </MakeCommands>
      </Target>
      <Target title="install/local">
         <Option working_dir="/home/jatrigueros/programas/osggis_googlecode/3dgis" />
         <Option type="4" />
         <MakeCommands>
            <Build command="/usr/bin/make -f &quot;/home/jatrigueros/programas/osggis_googlecode/3dgis/Makefile&quot; install/local" />
            <CompileFile command="/usr/bin/make -f &quot;/home/jatrigueros/programas/osggis_googlecode/3dgis/Makefile&quot; &quot;$file&quot;" />
            <Clean command="/usr/bin/make -f &quot;/home/jatrigueros/programas/osggis_googlecode/3dgis/Makefile&quot; clean" />
            <DistClean command="/usr/bin/make -f &quot;/home/jatrigueros/programas/osggis_googlecode/3dgis/Makefile&quot; clean" />
         </MakeCommands>
      </Target>
      <Target title="install/strip">
         <Option working_dir="/home/jatrigueros/programas/osggis_googlecode/3dgis" />
         <Option type="4" />
         <MakeCommands>
            <Build command="/usr/bin/make -f &quot;/home/jatrigueros/programas/osggis_googlecode/3dgis/Makefile&quot; install/strip" />
            <CompileFile command="/usr/bin/make -f &quot;/home/jatrigueros/programas/osggis_googlecode/3dgis/Makefile&quot; &quot;$file&quot;" />
            <Clean command="/usr/bin/make -f &quot;/home/jatrigueros/programas/osggis_googlecode/3dgis/Makefile&quot; clean" />
            <DistClean command="/usr/bin/make -f &quot;/home/jatrigueros/programas/osggis_googlecode/3dgis/Makefile&quot; clean" />
         </MakeCommands>
      </Target>
      <Target title="list_install_components">
         <Option working_dir="/home/jatrigueros/programas/osggis_googlecode/3dgis" />
         <Option type="4" />
         <MakeCommands>
            <Build command="/usr/bin/make -f &quot;/home/jatrigueros/programas/osggis_googlecode/3dgis/Makefile&quot; list_install_components" />
            <CompileFile command="/usr/bin/make -f &quot;/home/jatrigueros/programas/osggis_googlecode/3dgis/Makefile&quot; &quot;$file&quot;" />
            <Clean command="/usr/bin/make -f &quot;/home/jatrigueros/programas/osggis_googlecode/3dgis/Makefile&quot; clean" />
            <DistClean command="/usr/bin/make -f &quot;/home/jatrigueros/programas/osggis_googlecode/3dgis/Makefile&quot; clean" />
         </MakeCommands>
      </Target>
      <Target title="rebuild_cache">
         <Option working_dir="/home/jatrigueros/programas/osggis_googlecode/3dgis" />
         <Option type="4" />
         <MakeCommands>
            <Build command="/usr/bin/make -f &quot;/home/jatrigueros/programas/osggis_googlecode/3dgis/Makefile&quot; rebuild_cache" />
            <CompileFile command="/usr/bin/make -f &quot;/home/jatrigueros/programas/osggis_googlecode/3dgis/Makefile&quot; &quot;$file&quot;" />
            <Clean command="/usr/bin/make -f &quot;/home/jatrigueros/programas/osggis_googlecode/3dgis/Makefile&quot; clean" />
            <DistClean command="/usr/bin/make -f &quot;/home/jatrigueros/programas/osggis_googlecode/3dgis/Makefile&quot; clean" />
         </MakeCommands>
      </Target>
      <Target title="test">
         <Option working_dir="/home/jatrigueros/programas/osggis_googlecode/3dgis" />
         <Option type="4" />
         <MakeCommands>
            <Build command="/usr/bin/make -f &quot;/home/jatrigueros/programas/osggis_googlecode/3dgis/Makefile&quot; test" />
            <CompileFile command="/usr/bin/make -f &quot;/home/jatrigueros/programas/osggis_googlecode/3dgis/Makefile&quot; &quot;$file&quot;" />
            <Clean command="/usr/bin/make -f &quot;/home/jatrigueros/programas/osggis_googlecode/3dgis/Makefile&quot; clean" />
            <DistClean command="/usr/bin/make -f &quot;/home/jatrigueros/programas/osggis_googlecode/3dgis/Makefile&quot; clean" />
         </MakeCommands>
      </Target>
      <Target title="uninstall">
         <Option working_dir="/home/jatrigueros/programas/osggis_googlecode/3dgis" />
         <Option type="4" />
         <MakeCommands>
            <Build command="/usr/bin/make -f &quot;/home/jatrigueros/programas/osggis_googlecode/3dgis/Makefile&quot; uninstall" />
            <CompileFile command="/usr/bin/make -f &quot;/home/jatrigueros/programas/osggis_googlecode/3dgis/Makefile&quot; &quot;$file&quot;" />
            <Clean command="/usr/bin/make -f &quot;/home/jatrigueros/programas/osggis_googlecode/3dgis/Makefile&quot; clean" />
            <DistClean command="/usr/bin/make -f &quot;/home/jatrigueros/programas/osggis_googlecode/3dgis/Makefile&quot; clean" />
         </MakeCommands>
      </Target>
      <Target title="osgGIS">
         <Option output="/home/jatrigueros/programas/osggis_googlecode/3dgis/lib/libosgGIS.so" prefix_auto="0" extension_auto="0" />
         <Option working_dir="/home/jatrigueros/programas/osggis_googlecode/3dgis/src/osgGIS" />
         <Option object_output="./" />
         <Option type="3" />
         <Option compiler="gcc" />
         <Compiler>
            <Add directory="/usr/include" />
            <Add directory="/home/jatrigueros/programas/osggis_googlecode/3dgis/src" />
            <Add directory="/usr/include/lua5.1" />
         </Compiler>
         <MakeCommands>
            <Build command="/usr/bin/make -f &quot;/home/jatrigueros/programas/osggis_googlecode/3dgis/src/osgGIS/Makefile&quot; osgGIS" />
            <CompileFile command="/usr/bin/make -f &quot;/home/jatrigueros/programas/osggis_googlecode/3dgis/src/osgGIS/Makefile&quot; &quot;$file&quot;" />
            <Clean command="/usr/bin/make -f &quot;/home/jatrigueros/programas/osggis_googlecode/3dgis/src/osgGIS/Makefile&quot; clean" />
            <DistClean command="/usr/bin/make -f &quot;/home/jatrigueros/programas/osggis_googlecode/3dgis/src/osgGIS/Makefile&quot; clean" />
         </MakeCommands>
      </Target>
      <Target title="osgGIS/fast">
         <Option output="/home/jatrigueros/programas/osggis_googlecode/3dgis/lib/libosgGIS.so" prefix_auto="0" extension_auto="0" />
         <Option working_dir="/home/jatrigueros/programas/osggis_googlecode/3dgis/src/osgGIS" />
         <Option object_output="./" />
         <Option type="3" />
         <Option compiler="gcc" />
         <Compiler>
            <Add directory="/usr/include" />
            <Add directory="/home/jatrigueros/programas/osggis_googlecode/3dgis/src" />
            <Add directory="/usr/include/lua5.1" />
         </Compiler>
         <MakeCommands>
            <Build command="/usr/bin/make -f &quot;/home/jatrigueros/programas/osggis_googlecode/3dgis/src/osgGIS/Makefile&quot; osgGIS/fast" />
            <CompileFile command="/usr/bin/make -f &quot;/home/jatrigueros/programas/osggis_googlecode/3dgis/src/osgGIS/Makefile&quot; &quot;$file&quot;" />
            <Clean command="/usr/bin/make -f &quot;/home/jatrigueros/programas/osggis_googlecode/3dgis/src/osgGIS/Makefile&quot; clean" />
            <DistClean command="/usr/bin/make -f &quot;/home/jatrigueros/programas/osggis_googlecode/3dgis/src/osgGIS/Makefile&quot; clean" />
         </MakeCommands>
      </Target>
      <Target title="osgGISProjects">
         <Option output="/home/jatrigueros/programas/osggis_googlecode/3dgis/lib/libosgGISProjects.so" prefix_auto="0" extension_auto="0" />
         <Option working_dir="/home/jatrigueros/programas/osggis_googlecode/3dgis/src/osgGISProjects" />
         <Option object_output="./" />
         <Option type="3" />
         <Option compiler="gcc" />
         <Compiler>
            <Add directory="/usr/include" />
            <Add directory="/home/jatrigueros/programas/osggis_googlecode/3dgis/src" />
            <Add directory="/usr/include/lua5.1" />
         </Compiler>
         <MakeCommands>
            <Build command="/usr/bin/make -f &quot;/home/jatrigueros/programas/osggis_googlecode/3dgis/src/osgGISProjects/Makefile&quot; osgGISProjects" />
            <CompileFile command="/usr/bin/make -f &quot;/home/jatrigueros/programas/osggis_googlecode/3dgis/src/osgGISProjects/Makefile&quot; &quot;$file&quot;" />
            <Clean command="/usr/bin/make -f &quot;/home/jatrigueros/programas/osggis_googlecode/3dgis/src/osgGISProjects/Makefile&quot; clean" />
            <DistClean command="/usr/bin/make -f &quot;/home/jatrigueros/programas/osggis_googlecode/3dgis/src/osgGISProjects/Makefile&quot; clean" />
         </MakeCommands>
      </Target>
      <Target title="osgGISProjects/fast">
         <Option output="/home/jatrigueros/programas/osggis_googlecode/3dgis/lib/libosgGISProjects.so" prefix_auto="0" extension_auto="0" />
         <Option working_dir="/home/jatrigueros/programas/osggis_googlecode/3dgis/src/osgGISProjects" />
         <Option object_output="./" />
         <Option type="3" />
         <Option compiler="gcc" />
         <Compiler>
            <Add directory="/usr/include" />
            <Add directory="/home/jatrigueros/programas/osggis_googlecode/3dgis/src" />
            <Add directory="/usr/include/lua5.1" />
         </Compiler>
         <MakeCommands>
            <Build command="/usr/bin/make -f &quot;/home/jatrigueros/programas/osggis_googlecode/3dgis/src/osgGISProjects/Makefile&quot; osgGISProjects/fast" />
            <CompileFile command="/usr/bin/make -f &quot;/home/jatrigueros/programas/osggis_googlecode/3dgis/src/osgGISProjects/Makefile&quot; &quot;$file&quot;" />
            <Clean command="/usr/bin/make -f &quot;/home/jatrigueros/programas/osggis_googlecode/3dgis/src/osgGISProjects/Makefile&quot; clean" />
            <DistClean command="/usr/bin/make -f &quot;/home/jatrigueros/programas/osggis_googlecode/3dgis/src/osgGISProjects/Makefile&quot; clean" />
         </MakeCommands>
      </Target>
      <Target title="app_osggis_build">
         <Option output="/home/jatrigueros/programas/osggis_googlecode/3dgis/bin/osggis_build" prefix_auto="0" extension_auto="0" />
         <Option working_dir="/home/jatrigueros/programas/osggis_googlecode/3dgis/bin" />
         <Option object_output="./" />
         <Option type="1" />
         <Option compiler="gcc" />
         <Compiler>
            <Add directory="/usr/include" />
            <Add directory="/home/jatrigueros/programas/osggis_googlecode/3dgis/src" />
            <Add directory="/usr/include/lua5.1" />
         </Compiler>
         <MakeCommands>
            <Build command="/usr/bin/make -f &quot;/home/jatrigueros/programas/osggis_googlecode/3dgis/src/osggis_build/Makefile&quot; app_osggis_build" />
            <CompileFile command="/usr/bin/make -f &quot;/home/jatrigueros/programas/osggis_googlecode/3dgis/src/osggis_build/Makefile&quot; &quot;$file&quot;" />
            <Clean command="/usr/bin/make -f &quot;/home/jatrigueros/programas/osggis_googlecode/3dgis/src/osggis_build/Makefile&quot; clean" />
            <DistClean command="/usr/bin/make -f &quot;/home/jatrigueros/programas/osggis_googlecode/3dgis/src/osggis_build/Makefile&quot; clean" />
         </MakeCommands>
      </Target>
      <Target title="app_osggis_build/fast">
         <Option output="/home/jatrigueros/programas/osggis_googlecode/3dgis/bin/osggis_build" prefix_auto="0" extension_auto="0" />
         <Option working_dir="/home/jatrigueros/programas/osggis_googlecode/3dgis/bin" />
         <Option object_output="./" />
         <Option type="1" />
         <Option compiler="gcc" />
         <Compiler>
            <Add directory="/usr/include" />
            <Add directory="/home/jatrigueros/programas/osggis_googlecode/3dgis/src" />
            <Add directory="/usr/include/lua5.1" />
         </Compiler>
         <MakeCommands>
            <Build command="/usr/bin/make -f &quot;/home/jatrigueros/programas/osggis_googlecode/3dgis/src/osggis_build/Makefile&quot; app_osggis_build/fast" />
            <CompileFile command="/usr/bin/make -f &quot;/home/jatrigueros/programas/osggis_googlecode/3dgis/src/osggis_build/Makefile&quot; &quot;$file&quot;" />
            <Clean command="/usr/bin/make -f &quot;/home/jatrigueros/programas/osggis_googlecode/3dgis/src/osggis_build/Makefile&quot; clean" />
            <DistClean command="/usr/bin/make -f &quot;/home/jatrigueros/programas/osggis_googlecode/3dgis/src/osggis_build/Makefile&quot; clean" />
         </MakeCommands>
      </Target>
      <Target title="app_osggis_makelayer">
         <Option output="/home/jatrigueros/programas/osggis_googlecode/3dgis/bin/osggis_makelayer" prefix_auto="0" extension_auto="0" />
         <Option working_dir="/home/jatrigueros/programas/osggis_googlecode/3dgis/bin" />
         <Option object_output="./" />
         <Option type="1" />
         <Option compiler="gcc" />
         <Compiler>
            <Add directory="/usr/include" />
            <Add directory="/home/jatrigueros/programas/osggis_googlecode/3dgis/src" />
            <Add directory="/usr/include/lua5.1" />
         </Compiler>
         <MakeCommands>
            <Build command="/usr/bin/make -f &quot;/home/jatrigueros/programas/osggis_googlecode/3dgis/src/osggis_makelayer/Makefile&quot; app_osggis_makelayer" />
            <CompileFile command="/usr/bin/make -f &quot;/home/jatrigueros/programas/osggis_googlecode/3dgis/src/osggis_makelayer/Makefile&quot; &quot;$file&quot;" />
            <Clean command="/usr/bin/make -f &quot;/home/jatrigueros/programas/osggis_googlecode/3dgis/src/osggis_makelayer/Makefile&quot; clean" />
            <DistClean command="/usr/bin/make -f &quot;/home/jatrigueros/programas/osggis_googlecode/3dgis/src/osggis_makelayer/Makefile&quot; clean" />
         </MakeCommands>
      </Target>
      <Target title="app_osggis_makelayer/fast">
         <Option output="/home/jatrigueros/programas/osggis_googlecode/3dgis/bin/osggis_makelayer" prefix_auto="0" extension_auto="0" />
         <Option working_dir="/home/jatrigueros/programas/osggis_googlecode/3dgis/bin" />
         <Option object_output="./" />
         <Option type="1" />
         <Option compiler="gcc" />
         <Compiler>
            <Add directory="/usr/include" />
            <Add directory="/home/jatrigueros/programas/osggis_googlecode/3dgis/src" />
            <Add directory="/usr/include/lua5.1" />
         </Compiler>
         <MakeCommands>
            <Build command="/usr/bin/make -f &quot;/home/jatrigueros/programas/osggis_googlecode/3dgis/src/osggis_makelayer/Makefile&quot; app_osggis_makelayer/fast" />
            <CompileFile command="/usr/bin/make -f &quot;/home/jatrigueros/programas/osggis_googlecode/3dgis/src/osggis_makelayer/Makefile&quot; &quot;$file&quot;" />
            <Clean command="/usr/bin/make -f &quot;/home/jatrigueros/programas/osggis_googlecode/3dgis/src/osggis_makelayer/Makefile&quot; clean" />
            <DistClean command="/usr/bin/make -f &quot;/home/jatrigueros/programas/osggis_googlecode/3dgis/src/osggis_makelayer/Makefile&quot; clean" />
         </MakeCommands>
      </Target>
      <Target title="app_osggis_simple">
         <Option output="/home/jatrigueros/programas/osggis_googlecode/3dgis/bin/osggis_simple" prefix_auto="0" extension_auto="0" />
         <Option working_dir="/home/jatrigueros/programas/osggis_googlecode/3dgis/bin" />
         <Option object_output="./" />
         <Option type="1" />
         <Option compiler="gcc" />
         <Compiler>
            <Add directory="/usr/include" />
            <Add directory="/home/jatrigueros/programas/osggis_googlecode/3dgis/src" />
            <Add directory="/usr/include/lua5.1" />
         </Compiler>
         <MakeCommands>
            <Build command="/usr/bin/make -f &quot;/home/jatrigueros/programas/osggis_googlecode/3dgis/src/osggis_simple/Makefile&quot; app_osggis_simple" />
            <CompileFile command="/usr/bin/make -f &quot;/home/jatrigueros/programas/osggis_googlecode/3dgis/src/osggis_simple/Makefile&quot; &quot;$file&quot;" />
            <Clean command="/usr/bin/make -f &quot;/home/jatrigueros/programas/osggis_googlecode/3dgis/src/osggis_simple/Makefile&quot; clean" />
            <DistClean command="/usr/bin/make -f &quot;/home/jatrigueros/programas/osggis_googlecode/3dgis/src/osggis_simple/Makefile&quot; clean" />
         </MakeCommands>
      </Target>
      <Target title="app_osggis_simple/fast">
         <Option output="/home/jatrigueros/programas/osggis_googlecode/3dgis/bin/osggis_simple" prefix_auto="0" extension_auto="0" />
         <Option working_dir="/home/jatrigueros/programas/osggis_googlecode/3dgis/bin" />
         <Option object_output="./" />
         <Option type="1" />
         <Option compiler="gcc" />
         <Compiler>
            <Add directory="/usr/include" />
            <Add directory="/home/jatrigueros/programas/osggis_googlecode/3dgis/src" />
            <Add directory="/usr/include/lua5.1" />
         </Compiler>
         <MakeCommands>
            <Build command="/usr/bin/make -f &quot;/home/jatrigueros/programas/osggis_googlecode/3dgis/src/osggis_simple/Makefile&quot; app_osggis_simple/fast" />
            <CompileFile command="/usr/bin/make -f &quot;/home/jatrigueros/programas/osggis_googlecode/3dgis/src/osggis_simple/Makefile&quot; &quot;$file&quot;" />
            <Clean command="/usr/bin/make -f &quot;/home/jatrigueros/programas/osggis_googlecode/3dgis/src/osggis_simple/Makefile&quot; clean" />
            <DistClean command="/usr/bin/make -f &quot;/home/jatrigueros/programas/osggis_googlecode/3dgis/src/osggis_simple/Makefile&quot; clean" />
         </MakeCommands>
      </Target>
      <Target title="app_osggis_viewer">
         <Option output="/home/jatrigueros/programas/osggis_googlecode/3dgis/bin/osggis_viewer" prefix_auto="0" extension_auto="0" />
         <Option working_dir="/home/jatrigueros/programas/osggis_googlecode/3dgis/bin" />
         <Option object_output="./" />
         <Option type="1" />
         <Option compiler="gcc" />
         <Compiler>
            <Add directory="/usr/include" />
            <Add directory="/home/jatrigueros/programas/osggis_googlecode/3dgis/src" />
            <Add directory="/usr/include/lua5.1" />
         </Compiler>
         <MakeCommands>
            <Build command="/usr/bin/make -f &quot;/home/jatrigueros/programas/osggis_googlecode/3dgis/src/osggis_viewer/Makefile&quot; app_osggis_viewer" />
            <CompileFile command="/usr/bin/make -f &quot;/home/jatrigueros/programas/osggis_googlecode/3dgis/src/osggis_viewer/Makefile&quot; &quot;$file&quot;" />
            <Clean command="/usr/bin/make -f &quot;/home/jatrigueros/programas/osggis_googlecode/3dgis/src/osggis_viewer/Makefile&quot; clean" />
            <DistClean command="/usr/bin/make -f &quot;/home/jatrigueros/programas/osggis_googlecode/3dgis/src/osggis_viewer/Makefile&quot; clean" />
         </MakeCommands>
      </Target>
      <Target title="app_osggis_viewer/fast">
         <Option output="/home/jatrigueros/programas/osggis_googlecode/3dgis/bin/osggis_viewer" prefix_auto="0" extension_auto="0" />
         <Option working_dir="/home/jatrigueros/programas/osggis_googlecode/3dgis/bin" />
         <Option object_output="./" />
         <Option type="1" />
         <Option compiler="gcc" />
         <Compiler>
            <Add directory="/usr/include" />
            <Add directory="/home/jatrigueros/programas/osggis_googlecode/3dgis/src" />
            <Add directory="/usr/include/lua5.1" />
         </Compiler>
         <MakeCommands>
            <Build command="/usr/bin/make -f &quot;/home/jatrigueros/programas/osggis_googlecode/3dgis/src/osggis_viewer/Makefile&quot; app_osggis_viewer/fast" />
            <CompileFile command="/usr/bin/make -f &quot;/home/jatrigueros/programas/osggis_googlecode/3dgis/src/osggis_viewer/Makefile&quot; &quot;$file&quot;" />
            <Clean command="/usr/bin/make -f &quot;/home/jatrigueros/programas/osggis_googlecode/3dgis/src/osggis_viewer/Makefile&quot; clean" />
            <DistClean command="/usr/bin/make -f &quot;/home/jatrigueros/programas/osggis_googlecode/3dgis/src/osggis_viewer/Makefile&quot; clean" />
         </MakeCommands>
      </Target>
      <Target title="app_osggis_mapper">
         <Option output="/home/jatrigueros/programas/osggis_googlecode/3dgis/bin/osggis_mapper" prefix_auto="0" extension_auto="0" />
         <Option working_dir="/home/jatrigueros/programas/osggis_googlecode/3dgis/bin" />
         <Option object_output="./" />
         <Option type="1" />
         <Option compiler="gcc" />
         <Compiler>
            <Add directory="/usr/include" />
            <Add directory="/home/jatrigueros/programas/osggis_googlecode/3dgis/src" />
            <Add directory="/usr/include/lua5.1" />
         </Compiler>
         <MakeCommands>
            <Build command="/usr/bin/make -f &quot;/home/jatrigueros/programas/osggis_googlecode/3dgis/src/osggis_mapper/Makefile&quot; app_osggis_mapper" />
            <CompileFile command="/usr/bin/make -f &quot;/home/jatrigueros/programas/osggis_googlecode/3dgis/src/osggis_mapper/Makefile&quot; &quot;$file&quot;" />
            <Clean command="/usr/bin/make -f &quot;/home/jatrigueros/programas/osggis_googlecode/3dgis/src/osggis_mapper/Makefile&quot; clean" />
            <DistClean command="/usr/bin/make -f &quot;/home/jatrigueros/programas/osggis_googlecode/3dgis/src/osggis_mapper/Makefile&quot; clean" />
         </MakeCommands>
      </Target>
      <Target title="app_osggis_mapper/fast">
         <Option output="/home/jatrigueros/programas/osggis_googlecode/3dgis/bin/osggis_mapper" prefix_auto="0" extension_auto="0" />
         <Option working_dir="/home/jatrigueros/programas/osggis_googlecode/3dgis/bin" />
         <Option object_output="./" />
         <Option type="1" />
         <Option compiler="gcc" />
         <Compiler>
            <Add directory="/usr/include" />
            <Add directory="/home/jatrigueros/programas/osggis_googlecode/3dgis/src" />
            <Add directory="/usr/include/lua5.1" />
         </Compiler>
         <MakeCommands>
            <Build command="/usr/bin/make -f &quot;/home/jatrigueros/programas/osggis_googlecode/3dgis/src/osggis_mapper/Makefile&quot; app_osggis_mapper/fast" />
            <CompileFile command="/usr/bin/make -f &quot;/home/jatrigueros/programas/osggis_googlecode/3dgis/src/osggis_mapper/Makefile&quot; &quot;$file&quot;" />
            <Clean command="/usr/bin/make -f &quot;/home/jatrigueros/programas/osggis_googlecode/3dgis/src/osggis_mapper/Makefile&quot; clean" />
            <DistClean command="/usr/bin/make -f &quot;/home/jatrigueros/programas/osggis_googlecode/3dgis/src/osggis_mapper/Makefile&quot; clean" />
         </MakeCommands>
      </Target>
      <Target title="app_osggis_drape">
         <Option output="/home/jatrigueros/programas/osggis_googlecode/3dgis/bin/osggis_drape" prefix_auto="0" extension_auto="0" />
         <Option working_dir="/home/jatrigueros/programas/osggis_googlecode/3dgis/bin" />
         <Option object_output="./" />
         <Option type="1" />
         <Option compiler="gcc" />
         <Compiler>
            <Add directory="/usr/include" />
            <Add directory="/home/jatrigueros/programas/osggis_googlecode/3dgis/src" />
            <Add directory="/usr/include/lua5.1" />
         </Compiler>
         <MakeCommands>
            <Build command="/usr/bin/make -f &quot;/home/jatrigueros/programas/osggis_googlecode/3dgis/src/osggis_drape/Makefile&quot; app_osggis_drape" />
            <CompileFile command="/usr/bin/make -f &quot;/home/jatrigueros/programas/osggis_googlecode/3dgis/src/osggis_drape/Makefile&quot; &quot;$file&quot;" />
            <Clean command="/usr/bin/make -f &quot;/home/jatrigueros/programas/osggis_googlecode/3dgis/src/osggis_drape/Makefile&quot; clean" />
            <DistClean command="/usr/bin/make -f &quot;/home/jatrigueros/programas/osggis_googlecode/3dgis/src/osggis_drape/Makefile&quot; clean" />
         </MakeCommands>
      </Target>
      <Target title="app_osggis_drape/fast">
         <Option output="/home/jatrigueros/programas/osggis_googlecode/3dgis/bin/osggis_drape" prefix_auto="0" extension_auto="0" />
         <Option working_dir="/home/jatrigueros/programas/osggis_googlecode/3dgis/bin" />
         <Option object_output="./" />
         <Option type="1" />
         <Option compiler="gcc" />
         <Compiler>
            <Add directory="/usr/include" />
            <Add directory="/home/jatrigueros/programas/osggis_googlecode/3dgis/src" />
            <Add directory="/usr/include/lua5.1" />
         </Compiler>
         <MakeCommands>
            <Build command="/usr/bin/make -f &quot;/home/jatrigueros/programas/osggis_googlecode/3dgis/src/osggis_drape/Makefile&quot; app_osggis_drape/fast" />
            <CompileFile command="/usr/bin/make -f &quot;/home/jatrigueros/programas/osggis_googlecode/3dgis/src/osggis_drape/Makefile&quot; &quot;$file&quot;" />
            <Clean command="/usr/bin/make -f &quot;/home/jatrigueros/programas/osggis_googlecode/3dgis/src/osggis_drape/Makefile&quot; clean" />
            <DistClean command="/usr/bin/make -f &quot;/home/jatrigueros/programas/osggis_googlecode/3dgis/src/osggis_drape/Makefile&quot; clean" />
         </MakeCommands>
      </Target>
      <Target title="osggis_test_encode">
         <Option output="/home/jatrigueros/programas/osggis_googlecode/3dgis/bin/osggis_test_encode" prefix_auto="0" extension_auto="0" />
         <Option working_dir="/home/jatrigueros/programas/osggis_googlecode/3dgis/bin" />
         <Option object_output="./" />
         <Option type="1" />
         <Option compiler="gcc" />
         <Compiler>
            <Add directory="/usr/include" />
            <Add directory="/home/jatrigueros/programas/osggis_googlecode/3dgis/src" />
            <Add directory="/usr/include/lua5.1" />
         </Compiler>
         <MakeCommands>
            <Build command="/usr/bin/make -f &quot;/home/jatrigueros/programas/osggis_googlecode/3dgis/tests/encode/Makefile&quot; osggis_test_encode" />
            <CompileFile command="/usr/bin/make -f &quot;/home/jatrigueros/programas/osggis_googlecode/3dgis/tests/encode/Makefile&quot; &quot;$file&quot;" />
            <Clean command="/usr/bin/make -f &quot;/home/jatrigueros/programas/osggis_googlecode/3dgis/tests/encode/Makefile&quot; clean" />
            <DistClean command="/usr/bin/make -f &quot;/home/jatrigueros/programas/osggis_googlecode/3dgis/tests/encode/Makefile&quot; clean" />
         </MakeCommands>
      </Target>
      <Target title="osggis_test_encode/fast">
         <Option output="/home/jatrigueros/programas/osggis_googlecode/3dgis/bin/osggis_test_encode" prefix_auto="0" extension_auto="0" />
         <Option working_dir="/home/jatrigueros/programas/osggis_googlecode/3dgis/bin" />
         <Option object_output="./" />
         <Option type="1" />
         <Option compiler="gcc" />
         <Compiler>
            <Add directory="/usr/include" />
            <Add directory="/home/jatrigueros/programas/osggis_googlecode/3dgis/src" />
            <Add directory="/usr/include/lua5.1" />
         </Compiler>
         <MakeCommands>
            <Build command="/usr/bin/make -f &quot;/home/jatrigueros/programas/osggis_googlecode/3dgis/tests/encode/Makefile&quot; osggis_test_encode/fast" />
            <CompileFile command="/usr/bin/make -f &quot;/home/jatrigueros/programas/osggis_googlecode/3dgis/tests/encode/Makefile&quot; &quot;$file&quot;" />
            <Clean command="/usr/bin/make -f &quot;/home/jatrigueros/programas/osggis_googlecode/3dgis/tests/encode/Makefile&quot; clean" />
            <DistClean command="/usr/bin/make -f &quot;/home/jatrigueros/programas/osggis_googlecode/3dgis/tests/encode/Makefile&quot; clean" />
         </MakeCommands>
      </Target>
      </Build>
      <Unit filename="/home/jatrigueros/programas/osggis_googlecode/3dgis/src/osgGIS/AlignFilter.cpp">
      </Unit>
      <Unit filename="/home/jatrigueros/programas/osggis_googlecode/3dgis/src/osgGIS/Attribute.cpp">
      </Unit>
      <Unit filename="/home/jatrigueros/programas/osggis_googlecode/3dgis/src/osgGIS/AttributedNode.cpp">
      </Unit>
      <Unit filename="/home/jatrigueros/programas/osggis_googlecode/3dgis/src/osgGIS/BufferFilter.cpp">
      </Unit>
      <Unit filename="/home/jatrigueros/programas/osggis_googlecode/3dgis/src/osgGIS/BuildGeomFilter.cpp">
      </Unit>
      <Unit filename="/home/jatrigueros/programas/osggis_googlecode/3dgis/src/osgGIS/BuildLabelsFilter.cpp">
      </Unit>
      <Unit filename="/home/jatrigueros/programas/osggis_googlecode/3dgis/src/osgGIS/BuildNodesFilter.cpp">
      </Unit>
      <Unit filename="/home/jatrigueros/programas/osggis_googlecode/3dgis/src/osgGIS/ChangeShapeTypeFilter.cpp">
      </Unit>
      <Unit filename="/home/jatrigueros/programas/osggis_googlecode/3dgis/src/osgGIS/ClampFilter.cpp">
      </Unit>
      <Unit filename="/home/jatrigueros/programas/osggis_googlecode/3dgis/src/osgGIS/CollectionFilter.cpp">
      </Unit>
      <Unit filename="/home/jatrigueros/programas/osggis_googlecode/3dgis/src/osgGIS/CollectionFilterState.cpp">
      </Unit>
      <Unit filename="/home/jatrigueros/programas/osggis_googlecode/3dgis/src/osgGIS/CombineLinesFilter.cpp">
      </Unit>
      <Unit filename="/home/jatrigueros/programas/osggis_googlecode/3dgis/src/osgGIS/ConvexHullFilter.cpp">
      </Unit>
      <Unit filename="/home/jatrigueros/programas/osggis_googlecode/3dgis/src/osgGIS/CropFilter.cpp">
      </Unit>
      <Unit filename="/home/jatrigueros/programas/osggis_googlecode/3dgis/src/osgGIS/DecimateFilter.cpp">
      </Unit>
      <Unit filename="/home/jatrigueros/programas/osggis_googlecode/3dgis/src/osgGIS/DefaultFeatureStoreFactory.cpp">
      </Unit>
      <Unit filename="/home/jatrigueros/programas/osggis_googlecode/3dgis/src/osgGIS/DefaultRasterStoreFactory.cpp">
      </Unit>
      <Unit filename="/home/jatrigueros/programas/osggis_googlecode/3dgis/src/osgGIS/DensifyFilter.cpp">
      </Unit>
      <Unit filename="/home/jatrigueros/programas/osggis_googlecode/3dgis/src/osgGIS/ElevationResource.cpp">
      </Unit>
      <Unit filename="/home/jatrigueros/programas/osggis_googlecode/3dgis/src/osgGIS/Ellipsoid.cpp">
      </Unit>
      <Unit filename="/home/jatrigueros/programas/osggis_googlecode/3dgis/src/osgGIS/ExtrudeGeomFilter.cpp">
      </Unit>
      <Unit filename="/home/jatrigueros/programas/osggis_googlecode/3dgis/src/osgGIS/FadeHelper.cpp">
      </Unit>
      <Unit filename="/home/jatrigueros/programas/osggis_googlecode/3dgis/src/osgGIS/Feature.cpp">
      </Unit>
      <Unit filename="/home/jatrigueros/programas/osggis_googlecode/3dgis/src/osgGIS/FeatureCursor.cpp">
      </Unit>
      <Unit filename="/home/jatrigueros/programas/osggis_googlecode/3dgis/src/osgGIS/FeatureFilter.cpp">
      </Unit>
      <Unit filename="/home/jatrigueros/programas/osggis_googlecode/3dgis/src/osgGIS/FeatureFilterState.cpp">
      </Unit>
      <Unit filename="/home/jatrigueros/programas/osggis_googlecode/3dgis/src/osgGIS/FeatureLayer.cpp">
      </Unit>
      <Unit filename="/home/jatrigueros/programas/osggis_googlecode/3dgis/src/osgGIS/FeatureLayerCompiler.cpp">
      </Unit>
      <Unit filename="/home/jatrigueros/programas/osggis_googlecode/3dgis/src/osgGIS/FeatureLayerResource.cpp">
      </Unit>
      <Unit filename="/home/jatrigueros/programas/osggis_googlecode/3dgis/src/osgGIS/FeatureStoreCompiler.cpp">
      </Unit>
      <Unit filename="/home/jatrigueros/programas/osggis_googlecode/3dgis/src/osgGIS/Filter.cpp">
      </Unit>
      <Unit filename="/home/jatrigueros/programas/osggis_googlecode/3dgis/src/osgGIS/FilterEnv.cpp">
      </Unit>
      <Unit filename="/home/jatrigueros/programas/osggis_googlecode/3dgis/src/osgGIS/FilterGraph.cpp">
      </Unit>
      <Unit filename="/home/jatrigueros/programas/osggis_googlecode/3dgis/src/osgGIS/FilterState.cpp">
      </Unit>
      <Unit filename="/home/jatrigueros/programas/osggis_googlecode/3dgis/src/osgGIS/Fragment.cpp">
      </Unit>
      <Unit filename="/home/jatrigueros/programas/osggis_googlecode/3dgis/src/osgGIS/FragmentFilter.cpp">
      </Unit>
      <Unit filename="/home/jatrigueros/programas/osggis_googlecode/3dgis/src/osgGIS/FragmentFilterState.cpp">
      </Unit>
      <Unit filename="/home/jatrigueros/programas/osggis_googlecode/3dgis/src/osgGIS/GDAL_RasterStore.cpp">
      </Unit>
      <Unit filename="/home/jatrigueros/programas/osggis_googlecode/3dgis/src/osgGIS/GeoExtent.cpp">
      </Unit>
      <Unit filename="/home/jatrigueros/programas/osggis_googlecode/3dgis/src/osgGIS/GeoPoint.cpp">
      </Unit>
      <Unit filename="/home/jatrigueros/programas/osggis_googlecode/3dgis/src/osgGIS/GeoShape.cpp">
      </Unit>
      <Unit filename="/home/jatrigueros/programas/osggis_googlecode/3dgis/src/osgGIS/GeocentricSpatialReference.cpp">
      </Unit>
      <Unit filename="/home/jatrigueros/programas/osggis_googlecode/3dgis/src/osgGIS/GeometryCleaner.cpp">
      </Unit>
      <Unit filename="/home/jatrigueros/programas/osggis_googlecode/3dgis/src/osgGIS/GriddedLayerCompiler.cpp">
      </Unit>
      <Unit filename="/home/jatrigueros/programas/osggis_googlecode/3dgis/src/osgGIS/GroupFilter.cpp">
      </Unit>
      <Unit filename="/home/jatrigueros/programas/osggis_googlecode/3dgis/src/osgGIS/ImageUtils.cpp">
      </Unit>
      <Unit filename="/home/jatrigueros/programas/osggis_googlecode/3dgis/src/osgGIS/LayerCompiler.cpp">
      </Unit>
      <Unit filename="/home/jatrigueros/programas/osggis_googlecode/3dgis/src/osgGIS/LineSegmentIntersector2.cpp">
      </Unit>
      <Unit filename="/home/jatrigueros/programas/osggis_googlecode/3dgis/src/osgGIS/LocalizeNodesFilter.cpp">
      </Unit>
      <Unit filename="/home/jatrigueros/programas/osggis_googlecode/3dgis/src/osgGIS/Lua_ScriptEngine.cpp">
      </Unit>
      <Unit filename="/home/jatrigueros/programas/osggis_googlecode/3dgis/src/osgGIS/Lua_ScriptEngine_tolua.cpp">
      </Unit>
      <Unit filename="/home/jatrigueros/programas/osggis_googlecode/3dgis/src/osgGIS/ModelResource.cpp">
      </Unit>
      <Unit filename="/home/jatrigueros/programas/osggis_googlecode/3dgis/src/osgGIS/NodeFilter.cpp">
      </Unit>
      <Unit filename="/home/jatrigueros/programas/osggis_googlecode/3dgis/src/osgGIS/NodeFilterState.cpp">
      </Unit>
      <Unit filename="/home/jatrigueros/programas/osggis_googlecode/3dgis/src/osgGIS/Notify.cpp">
      </Unit>
      <Unit filename="/home/jatrigueros/programas/osggis_googlecode/3dgis/src/osgGIS/OGR_Feature.cpp">
      </Unit>
      <Unit filename="/home/jatrigueros/programas/osggis_googlecode/3dgis/src/osgGIS/OGR_FeatureStore.cpp">
      </Unit>
      <Unit filename="/home/jatrigueros/programas/osggis_googlecode/3dgis/src/osgGIS/OGR_SpatialReference.cpp">
      </Unit>
      <Unit filename="/home/jatrigueros/programas/osggis_googlecode/3dgis/src/osgGIS/OGR_SpatialReferenceFactory.cpp">
      </Unit>
      <Unit filename="/home/jatrigueros/programas/osggis_googlecode/3dgis/src/osgGIS/OGR_Utils.cpp">
      </Unit>
      <Unit filename="/home/jatrigueros/programas/osggis_googlecode/3dgis/src/osgGIS/OptimizerHints.cpp">
      </Unit>
      <Unit filename="/home/jatrigueros/programas/osggis_googlecode/3dgis/src/osgGIS/PagedLayerCompiler.cpp">
      </Unit>
      <Unit filename="/home/jatrigueros/programas/osggis_googlecode/3dgis/src/osgGIS/PathResource.cpp">
      </Unit>
      <Unit filename="/home/jatrigueros/programas/osggis_googlecode/3dgis/src/osgGIS/Property.cpp">
      </Unit>
      <Unit filename="/home/jatrigueros/programas/osggis_googlecode/3dgis/src/osgGIS/RTreeSpatialIndex.cpp">
      </Unit>
      <Unit filename="/home/jatrigueros/programas/osggis_googlecode/3dgis/src/osgGIS/RandomGroupingFilter.cpp">
      </Unit>
      <Unit filename="/home/jatrigueros/programas/osggis_googlecode/3dgis/src/osgGIS/RasterResource.cpp">
      </Unit>
      <Unit filename="/home/jatrigueros/programas/osggis_googlecode/3dgis/src/osgGIS/RecalculateExtentFilter.cpp">
      </Unit>
      <Unit filename="/home/jatrigueros/programas/osggis_googlecode/3dgis/src/osgGIS/Registry.cpp">
      </Unit>
      <Unit filename="/home/jatrigueros/programas/osggis_googlecode/3dgis/src/osgGIS/RemoveHolesFilter.cpp">
      </Unit>
      <Unit filename="/home/jatrigueros/programas/osggis_googlecode/3dgis/src/osgGIS/Report.cpp">
      </Unit>
      <Unit filename="/home/jatrigueros/programas/osggis_googlecode/3dgis/src/osgGIS/Resource.cpp">
      </Unit>
      <Unit filename="/home/jatrigueros/programas/osggis_googlecode/3dgis/src/osgGIS/ResourceCache.cpp">
      </Unit>
      <Unit filename="/home/jatrigueros/programas/osggis_googlecode/3dgis/src/osgGIS/ResourceLibrary.cpp">
      </Unit>
      <Unit filename="/home/jatrigueros/programas/osggis_googlecode/3dgis/src/osgGIS/ResourcePackager.cpp">
      </Unit>
      <Unit filename="/home/jatrigueros/programas/osggis_googlecode/3dgis/src/osgGIS/SRSResource.cpp">
      </Unit>
      <Unit filename="/home/jatrigueros/programas/osggis_googlecode/3dgis/src/osgGIS/Script.cpp">
      </Unit>
      <Unit filename="/home/jatrigueros/programas/osggis_googlecode/3dgis/src/osgGIS/SelectFilter.cpp">
      </Unit>
      <Unit filename="/home/jatrigueros/programas/osggis_googlecode/3dgis/src/osgGIS/Session.cpp">
      </Unit>
      <Unit filename="/home/jatrigueros/programas/osggis_googlecode/3dgis/src/osgGIS/SimpleFeature.cpp">
      </Unit>
      <Unit filename="/home/jatrigueros/programas/osggis_googlecode/3dgis/src/osgGIS/SimpleLayerCompiler.cpp">
      </Unit>
      <Unit filename="/home/jatrigueros/programas/osggis_googlecode/3dgis/src/osgGIS/SimpleSpatialIndex.cpp">
      </Unit>
      <Unit filename="/home/jatrigueros/programas/osggis_googlecode/3dgis/src/osgGIS/SkinResource.cpp">
      </Unit>
      <Unit filename="/home/jatrigueros/programas/osggis_googlecode/3dgis/src/osgGIS/SmartReadCallback.cpp">
      </Unit>
      <Unit filename="/home/jatrigueros/programas/osggis_googlecode/3dgis/src/osgGIS/SpatialReference.cpp">
      </Unit>
      <Unit filename="/home/jatrigueros/programas/osggis_googlecode/3dgis/src/osgGIS/SubstituteModelFilter.cpp">
      </Unit>
      <Unit filename="/home/jatrigueros/programas/osggis_googlecode/3dgis/src/osgGIS/Task.cpp">
      </Unit>
      <Unit filename="/home/jatrigueros/programas/osggis_googlecode/3dgis/src/osgGIS/TaskManager.cpp">
      </Unit>
      <Unit filename="/home/jatrigueros/programas/osggis_googlecode/3dgis/src/osgGIS/TerrainUtils.cpp">
      </Unit>
      <Unit filename="/home/jatrigueros/programas/osggis_googlecode/3dgis/src/osgGIS/TransformFilter.cpp">
      </Unit>
      <Unit filename="/home/jatrigueros/programas/osggis_googlecode/3dgis/src/osgGIS/Units.cpp">
      </Unit>
      <Unit filename="/home/jatrigueros/programas/osggis_googlecode/3dgis/src/osgGIS/Utils.cpp">
      </Unit>
      <Unit filename="/home/jatrigueros/programas/osggis_googlecode/3dgis/src/osgGIS/WriteFeaturesFilter.cpp">
      </Unit>
      <Unit filename="/home/jatrigueros/programas/osggis_googlecode/3dgis/src/osgGIS/WriteTextFilter.cpp">
      </Unit>
      <Unit filename="/home/jatrigueros/programas/osggis_googlecode/3dgis/src/osgGISProjects/Build.cpp">
      </Unit>
      <Unit filename="/home/jatrigueros/programas/osggis_googlecode/3dgis/src/osgGISProjects/BuildLayer.cpp">
      </Unit>
      <Unit filename="/home/jatrigueros/programas/osggis_googlecode/3dgis/src/osgGISProjects/BuildLayerSlice.cpp">
      </Unit>
      <Unit filename="/home/jatrigueros/programas/osggis_googlecode/3dgis/src/osgGISProjects/BuildTarget.cpp">
      </Unit>
      <Unit filename="/home/jatrigueros/programas/osggis_googlecode/3dgis/src/osgGISProjects/Builder.cpp">
      </Unit>
      <Unit filename="/home/jatrigueros/programas/osggis_googlecode/3dgis/src/osgGISProjects/Cell.cpp">
      </Unit>
      <Unit filename="/home/jatrigueros/programas/osggis_googlecode/3dgis/src/osgGISProjects/CellCompiler.cpp">
      </Unit>
      <Unit filename="/home/jatrigueros/programas/osggis_googlecode/3dgis/src/osgGISProjects/Document.cpp">
      </Unit>
      <Unit filename="/home/jatrigueros/programas/osggis_googlecode/3dgis/src/osgGISProjects/GriddedMapLayerCompiler.cpp">
      </Unit>
      <Unit filename="/home/jatrigueros/programas/osggis_googlecode/3dgis/src/osgGISProjects/MapLayer.cpp">
      </Unit>
      <Unit filename="/home/jatrigueros/programas/osggis_googlecode/3dgis/src/osgGISProjects/MapLayerCompiler.cpp">
      </Unit>
      <Unit filename="/home/jatrigueros/programas/osggis_googlecode/3dgis/src/osgGISProjects/MapLayerLevelOfDetail.cpp">
      </Unit>
      <Unit filename="/home/jatrigueros/programas/osggis_googlecode/3dgis/src/osgGISProjects/Project.cpp">
      </Unit>
      <Unit filename="/home/jatrigueros/programas/osggis_googlecode/3dgis/src/osgGISProjects/QuadKey.cpp">
      </Unit>
      <Unit filename="/home/jatrigueros/programas/osggis_googlecode/3dgis/src/osgGISProjects/QuadTreeMapLayerCompiler.cpp">
      </Unit>
      <Unit filename="/home/jatrigueros/programas/osggis_googlecode/3dgis/src/osgGISProjects/RuntimeMap.cpp">
      </Unit>
      <Unit filename="/home/jatrigueros/programas/osggis_googlecode/3dgis/src/osgGISProjects/RuntimeMapLayer.cpp">
      </Unit>
      <Unit filename="/home/jatrigueros/programas/osggis_googlecode/3dgis/src/osgGISProjects/Serializer.cpp">
      </Unit>
      <Unit filename="/home/jatrigueros/programas/osggis_googlecode/3dgis/src/osgGISProjects/SimpleMapLayerCompiler.cpp">
      </Unit>
      <Unit filename="/home/jatrigueros/programas/osggis_googlecode/3dgis/src/osgGISProjects/Source.cpp">
      </Unit>
      <Unit filename="/home/jatrigueros/programas/osggis_googlecode/3dgis/src/osgGISProjects/Terrain.cpp">
      </Unit>
      <Unit filename="/home/jatrigueros/programas/osggis_googlecode/3dgis/src/osgGISProjects/XmlDOM.cpp">
      </Unit>
      <Unit filename="/home/jatrigueros/programas/osggis_googlecode/3dgis/src/osgGISProjects/XmlDocument.cpp">
      </Unit>
      <Unit filename="/home/jatrigueros/programas/osggis_googlecode/3dgis/src/osgGISProjects/XmlSerializer.cpp">
      </Unit>
      <Unit filename="/home/jatrigueros/programas/osggis_googlecode/3dgis/src/osggis_build/osggis_build.cpp">
      </Unit>
      <Unit filename="/home/jatrigueros/programas/osggis_googlecode/3dgis/src/osggis_drape/osggis_drape.cpp">
      </Unit>
      <Unit filename="/home/jatrigueros/programas/osggis_googlecode/3dgis/src/osggis_makelayer/osggis_makelayer.cpp">
      </Unit>
      <Unit filename="/home/jatrigueros/programas/osggis_googlecode/3dgis/src/osggis_mapper/osggis_mapper.cpp">
      </Unit>
      <Unit filename="/home/jatrigueros/programas/osggis_googlecode/3dgis/src/osggis_simple/osggis_simple.cpp">
      </Unit>
      <Unit filename="/home/jatrigueros/programas/osggis_googlecode/3dgis/src/osggis_viewer/osggis_viewer.cpp">
      </Unit>
      <Unit filename="/home/jatrigueros/programas/osggis_googlecode/3dgis/tests/encode/main.cpp">
      </Unit>
      <Unit filename="/home/jatrigueros/programas/osggis_googlecode/3dgis/src/osgGIS/AlignFilter">
      </Unit>
      <Unit filename="/home/jatrigueros/programas/osggis_googlecode/3dgis/src/osgGIS/Attribute">
      </Unit>
      <Unit filename="/home/jatrigueros/programas/osggis_googlecode/3dgis/src/osgGIS/AttributeIndex">
      </Unit>
      <Unit filename="/home/jatrigueros/programas/osggis_googlecode/3dgis/src/osgGIS/AttributedNode">
      </Unit>
      <Unit filename="/home/jatrigueros/programas/osggis_googlecode/3dgis/src/osgGIS/AutoResetBlock">
      </Unit>
      <Unit filename="/home/jatrigueros/programas/osggis_googlecode/3dgis/src/osgGIS/BufferFilter">
      </Unit>
      <Unit filename="/home/jatrigueros/programas/osggis_googlecode/3dgis/src/osgGIS/BuildGeomFilter">
      </Unit>
      <Unit filename="/home/jatrigueros/programas/osggis_googlecode/3dgis/src/osgGIS/BuildLabelsFilter">
      </Unit>
      <Unit filename="/home/jatrigueros/programas/osggis_googlecode/3dgis/src/osgGIS/BuildNodesFilter">
      </Unit>
      <Unit filename="/home/jatrigueros/programas/osggis_googlecode/3dgis/src/osgGIS/ChangeShapeTypeFilter">
      </Unit>
      <Unit filename="/home/jatrigueros/programas/osggis_googlecode/3dgis/src/osgGIS/ClampFilter">
      </Unit>
      <Unit filename="/home/jatrigueros/programas/osggis_googlecode/3dgis/src/osgGIS/CollectionFilter">
      </Unit>
      <Unit filename="/home/jatrigueros/programas/osggis_googlecode/3dgis/src/osgGIS/CollectionFilterState">
      </Unit>
      <Unit filename="/home/jatrigueros/programas/osggis_googlecode/3dgis/src/osgGIS/CombineLinesFilter">
      </Unit>
      <Unit filename="/home/jatrigueros/programas/osggis_googlecode/3dgis/src/osgGIS/Common">
      </Unit>
      <Unit filename="/home/jatrigueros/programas/osggis_googlecode/3dgis/src/osgGIS/ConvexHullFilter">
      </Unit>
      <Unit filename="/home/jatrigueros/programas/osggis_googlecode/3dgis/src/osgGIS/CropFilter">
      </Unit>
      <Unit filename="/home/jatrigueros/programas/osggis_googlecode/3dgis/src/osgGIS/DecimateFilter">
      </Unit>
      <Unit filename="/home/jatrigueros/programas/osggis_googlecode/3dgis/src/osgGIS/DefaultFeatureStoreFactory">
      </Unit>
      <Unit filename="/home/jatrigueros/programas/osggis_googlecode/3dgis/src/osgGIS/DefaultRasterStoreFactory">
      </Unit>
      <Unit filename="/home/jatrigueros/programas/osggis_googlecode/3dgis/src/osgGIS/DensifyFilter">
      </Unit>
      <Unit filename="/home/jatrigueros/programas/osggis_googlecode/3dgis/src/osgGIS/ElevationGrid">
      </Unit>
      <Unit filename="/home/jatrigueros/programas/osggis_googlecode/3dgis/src/osgGIS/ElevationResource">
      </Unit>
      <Unit filename="/home/jatrigueros/programas/osggis_googlecode/3dgis/src/osgGIS/Ellipsoid">
      </Unit>
      <Unit filename="/home/jatrigueros/programas/osggis_googlecode/3dgis/src/osgGIS/Export">
      </Unit>
      <Unit filename="/home/jatrigueros/programas/osggis_googlecode/3dgis/src/osgGIS/ExtrudeGeomFilter">
      </Unit>
      <Unit filename="/home/jatrigueros/programas/osggis_googlecode/3dgis/src/osgGIS/FadeHelper">
      </Unit>
      <Unit filename="/home/jatrigueros/programas/osggis_googlecode/3dgis/src/osgGIS/Feature">
      </Unit>
      <Unit filename="/home/jatrigueros/programas/osggis_googlecode/3dgis/src/osgGIS/FeatureCursor">
      </Unit>
      <Unit filename="/home/jatrigueros/programas/osggis_googlecode/3dgis/src/osgGIS/FeatureFilter">
      </Unit>
      <Unit filename="/home/jatrigueros/programas/osggis_googlecode/3dgis/src/osgGIS/FeatureFilterState">
      </Unit>
      <Unit filename="/home/jatrigueros/programas/osggis_googlecode/3dgis/src/osgGIS/FeatureLayer">
      </Unit>
      <Unit filename="/home/jatrigueros/programas/osggis_googlecode/3dgis/src/osgGIS/FeatureLayerCompiler">
      </Unit>
      <Unit filename="/home/jatrigueros/programas/osggis_googlecode/3dgis/src/osgGIS/FeatureLayerResource">
      </Unit>
      <Unit filename="/home/jatrigueros/programas/osggis_googlecode/3dgis/src/osgGIS/FeatureStore">
      </Unit>
      <Unit filename="/home/jatrigueros/programas/osggis_googlecode/3dgis/src/osgGIS/FeatureStoreCompiler">
      </Unit>
      <Unit filename="/home/jatrigueros/programas/osggis_googlecode/3dgis/src/osgGIS/FeatureStoreFactory">
      </Unit>
      <Unit filename="/home/jatrigueros/programas/osggis_googlecode/3dgis/src/osgGIS/Filter">
      </Unit>
      <Unit filename="/home/jatrigueros/programas/osggis_googlecode/3dgis/src/osgGIS/FilterEnv">
      </Unit>
      <Unit filename="/home/jatrigueros/programas/osggis_googlecode/3dgis/src/osgGIS/FilterGraph">
      </Unit>
      <Unit filename="/home/jatrigueros/programas/osggis_googlecode/3dgis/src/osgGIS/FilterState">
      </Unit>
      <Unit filename="/home/jatrigueros/programas/osggis_googlecode/3dgis/src/osgGIS/Fragment">
      </Unit>
      <Unit filename="/home/jatrigueros/programas/osggis_googlecode/3dgis/src/osgGIS/FragmentFilter">
      </Unit>
      <Unit filename="/home/jatrigueros/programas/osggis_googlecode/3dgis/src/osgGIS/FragmentFilterState">
      </Unit>
      <Unit filename="/home/jatrigueros/programas/osggis_googlecode/3dgis/src/osgGIS/GDAL_RasterStore">
      </Unit>
      <Unit filename="/home/jatrigueros/programas/osggis_googlecode/3dgis/src/osgGIS/GeoExtent">
      </Unit>
      <Unit filename="/home/jatrigueros/programas/osggis_googlecode/3dgis/src/osgGIS/GeoPoint">
      </Unit>
      <Unit filename="/home/jatrigueros/programas/osggis_googlecode/3dgis/src/osgGIS/GeoShape">
      </Unit>
      <Unit filename="/home/jatrigueros/programas/osggis_googlecode/3dgis/src/osgGIS/GeocentricSpatialReference">
      </Unit>
      <Unit filename="/home/jatrigueros/programas/osggis_googlecode/3dgis/src/osgGIS/GeometryCleaner">
      </Unit>
      <Unit filename="/home/jatrigueros/programas/osggis_googlecode/3dgis/src/osgGIS/GriddedLayerCompiler">
      </Unit>
      <Unit filename="/home/jatrigueros/programas/osggis_googlecode/3dgis/src/osgGIS/GroupFilter">
      </Unit>
      <Unit filename="/home/jatrigueros/programas/osggis_googlecode/3dgis/src/osgGIS/ImageUtils">
      </Unit>
      <Unit filename="/home/jatrigueros/programas/osggis_googlecode/3dgis/src/osgGIS/LayerCompiler">
      </Unit>
      <Unit filename="/home/jatrigueros/programas/osggis_googlecode/3dgis/src/osgGIS/LineSegmentIntersector2">
      </Unit>
      <Unit filename="/home/jatrigueros/programas/osggis_googlecode/3dgis/src/osgGIS/LocalizeNodesFilter">
      </Unit>
      <Unit filename="/home/jatrigueros/programas/osggis_googlecode/3dgis/src/osgGIS/Lua_ScriptEngine">
      </Unit>
      <Unit filename="/home/jatrigueros/programas/osggis_googlecode/3dgis/src/osgGIS/Lua_ScriptEngine_tolua">
      </Unit>
      <Unit filename="/home/jatrigueros/programas/osggis_googlecode/3dgis/src/osgGIS/ModelResource">
      </Unit>
      <Unit filename="/home/jatrigueros/programas/osggis_googlecode/3dgis/src/osgGIS/NodeFilter">
      </Unit>
      <Unit filename="/home/jatrigueros/programas/osggis_googlecode/3dgis/src/osgGIS/NodeFilterState">
      </Unit>
      <Unit filename="/home/jatrigueros/programas/osggis_googlecode/3dgis/src/osgGIS/Notify">
      </Unit>
      <Unit filename="/home/jatrigueros/programas/osggis_googlecode/3dgis/src/osgGIS/OGR_Feature">
      </Unit>
      <Unit filename="/home/jatrigueros/programas/osggis_googlecode/3dgis/src/osgGIS/OGR_FeatureStore">
      </Unit>
      <Unit filename="/home/jatrigueros/programas/osggis_googlecode/3dgis/src/osgGIS/OGR_SpatialReference">
      </Unit>
      <Unit filename="/home/jatrigueros/programas/osggis_googlecode/3dgis/src/osgGIS/OGR_SpatialReferenceFactory">
      </Unit>
      <Unit filename="/home/jatrigueros/programas/osggis_googlecode/3dgis/src/osgGIS/OGR_Utils">
      </Unit>
      <Unit filename="/home/jatrigueros/programas/osggis_googlecode/3dgis/src/osgGIS/OptimizerHints">
      </Unit>
      <Unit filename="/home/jatrigueros/programas/osggis_googlecode/3dgis/src/osgGIS/PagedLayerCompiler">
      </Unit>
      <Unit filename="/home/jatrigueros/programas/osggis_googlecode/3dgis/src/osgGIS/PathResource">
      </Unit>
      <Unit filename="/home/jatrigueros/programas/osggis_googlecode/3dgis/src/osgGIS/Property">
      </Unit>
      <Unit filename="/home/jatrigueros/programas/osggis_googlecode/3dgis/src/osgGIS/RTree">
      </Unit>
      <Unit filename="/home/jatrigueros/programas/osggis_googlecode/3dgis/src/osgGIS/RTreeSpatialIndex">
      </Unit>
      <Unit filename="/home/jatrigueros/programas/osggis_googlecode/3dgis/src/osgGIS/RandomGroupingFilter">
      </Unit>
      <Unit filename="/home/jatrigueros/programas/osggis_googlecode/3dgis/src/osgGIS/RasterResource">
      </Unit>
      <Unit filename="/home/jatrigueros/programas/osggis_googlecode/3dgis/src/osgGIS/RasterStore">
      </Unit>
      <Unit filename="/home/jatrigueros/programas/osggis_googlecode/3dgis/src/osgGIS/RasterStoreFactory">
      </Unit>
      <Unit filename="/home/jatrigueros/programas/osggis_googlecode/3dgis/src/osgGIS/RecalculateExtentFilter">
      </Unit>
      <Unit filename="/home/jatrigueros/programas/osggis_googlecode/3dgis/src/osgGIS/Registry">
      </Unit>
      <Unit filename="/home/jatrigueros/programas/osggis_googlecode/3dgis/src/osgGIS/RemoveHolesFilter">
      </Unit>
      <Unit filename="/home/jatrigueros/programas/osggis_googlecode/3dgis/src/osgGIS/Report">
      </Unit>
      <Unit filename="/home/jatrigueros/programas/osggis_googlecode/3dgis/src/osgGIS/Resource">
      </Unit>
      <Unit filename="/home/jatrigueros/programas/osggis_googlecode/3dgis/src/osgGIS/ResourceCache">
      </Unit>
      <Unit filename="/home/jatrigueros/programas/osggis_googlecode/3dgis/src/osgGIS/ResourceLibrary">
      </Unit>
      <Unit filename="/home/jatrigueros/programas/osggis_googlecode/3dgis/src/osgGIS/ResourcePackager">
      </Unit>
      <Unit filename="/home/jatrigueros/programas/osggis_googlecode/3dgis/src/osgGIS/SRSResource">
      </Unit>
      <Unit filename="/home/jatrigueros/programas/osggis_googlecode/3dgis/src/osgGIS/Script">
      </Unit>
      <Unit filename="/home/jatrigueros/programas/osggis_googlecode/3dgis/src/osgGIS/ScriptEngine">
      </Unit>
      <Unit filename="/home/jatrigueros/programas/osggis_googlecode/3dgis/src/osgGIS/SelectFilter">
      </Unit>
      <Unit filename="/home/jatrigueros/programas/osggis_googlecode/3dgis/src/osgGIS/Session">
      </Unit>
      <Unit filename="/home/jatrigueros/programas/osggis_googlecode/3dgis/src/osgGIS/SimpleFeature">
      </Unit>
      <Unit filename="/home/jatrigueros/programas/osggis_googlecode/3dgis/src/osgGIS/SimpleLayerCompiler">
      </Unit>
      <Unit filename="/home/jatrigueros/programas/osggis_googlecode/3dgis/src/osgGIS/SimpleSpatialIndex">
      </Unit>
      <Unit filename="/home/jatrigueros/programas/osggis_googlecode/3dgis/src/osgGIS/SkinResource">
      </Unit>
      <Unit filename="/home/jatrigueros/programas/osggis_googlecode/3dgis/src/osgGIS/SmartReadCallback">
      </Unit>
      <Unit filename="/home/jatrigueros/programas/osggis_googlecode/3dgis/src/osgGIS/SpatialIndex">
      </Unit>
      <Unit filename="/home/jatrigueros/programas/osggis_googlecode/3dgis/src/osgGIS/SpatialReference">
      </Unit>
      <Unit filename="/home/jatrigueros/programas/osggis_googlecode/3dgis/src/osgGIS/SpatialReferenceBase">
      </Unit>
      <Unit filename="/home/jatrigueros/programas/osggis_googlecode/3dgis/src/osgGIS/SpatialReferenceFactory">
      </Unit>
      <Unit filename="/home/jatrigueros/programas/osggis_googlecode/3dgis/src/osgGIS/StubSpatialIndex">
      </Unit>
      <Unit filename="/home/jatrigueros/programas/osggis_googlecode/3dgis/src/osgGIS/SubstituteModelFilter">
      </Unit>
      <Unit filename="/home/jatrigueros/programas/osggis_googlecode/3dgis/src/osgGIS/Tags">
      </Unit>
      <Unit filename="/home/jatrigueros/programas/osggis_googlecode/3dgis/src/osgGIS/Task">
      </Unit>
      <Unit filename="/home/jatrigueros/programas/osggis_googlecode/3dgis/src/osgGIS/TaskManager">
      </Unit>
      <Unit filename="/home/jatrigueros/programas/osggis_googlecode/3dgis/src/osgGIS/TerrainUtils">
      </Unit>
      <Unit filename="/home/jatrigueros/programas/osggis_googlecode/3dgis/src/osgGIS/TransformFilter">
      </Unit>
      <Unit filename="/home/jatrigueros/programas/osggis_googlecode/3dgis/src/osgGIS/Units">
      </Unit>
      <Unit filename="/home/jatrigueros/programas/osggis_googlecode/3dgis/src/osgGIS/Utils">
      </Unit>
      <Unit filename="/home/jatrigueros/programas/osggis_googlecode/3dgis/src/osgGIS/WriteFeaturesFilter">
      </Unit>
      <Unit filename="/home/jatrigueros/programas/osggis_googlecode/3dgis/src/osgGIS/WriteTextFilter">
      </Unit>
      <Unit filename="/home/jatrigueros/programas/osggis_googlecode/3dgis/src/osgGISProjects/Build">
      </Unit>
      <Unit filename="/home/jatrigueros/programas/osggis_googlecode/3dgis/src/osgGISProjects/BuildLayer">
      </Unit>
      <Unit filename="/home/jatrigueros/programas/osggis_googlecode/3dgis/src/osgGISProjects/BuildLayerSlice">
      </Unit>
      <Unit filename="/home/jatrigueros/programas/osggis_googlecode/3dgis/src/osgGISProjects/BuildTarget">
      </Unit>
      <Unit filename="/home/jatrigueros/programas/osggis_googlecode/3dgis/src/osgGISProjects/Builder">
      </Unit>
      <Unit filename="/home/jatrigueros/programas/osggis_googlecode/3dgis/src/osgGISProjects/Cell">
      </Unit>
      <Unit filename="/home/jatrigueros/programas/osggis_googlecode/3dgis/src/osgGISProjects/CellCompiler">
      </Unit>
      <Unit filename="/home/jatrigueros/programas/osggis_googlecode/3dgis/src/osgGISProjects/Common">
      </Unit>
      <Unit filename="/home/jatrigueros/programas/osggis_googlecode/3dgis/src/osgGISProjects/Document">
      </Unit>
      <Unit filename="/home/jatrigueros/programas/osggis_googlecode/3dgis/src/osgGISProjects/Export">
      </Unit>
      <Unit filename="/home/jatrigueros/programas/osggis_googlecode/3dgis/src/osgGISProjects/GriddedMapLayerCompiler">
      </Unit>
      <Unit filename="/home/jatrigueros/programas/osggis_googlecode/3dgis/src/osgGISProjects/MapLayer">
      </Unit>
      <Unit filename="/home/jatrigueros/programas/osggis_googlecode/3dgis/src/osgGISProjects/MapLayerCompiler">
      </Unit>
      <Unit filename="/home/jatrigueros/programas/osggis_googlecode/3dgis/src/osgGISProjects/MapLayerLevelOfDetail">
      </Unit>
      <Unit filename="/home/jatrigueros/programas/osggis_googlecode/3dgis/src/osgGISProjects/Project">
      </Unit>
      <Unit filename="/home/jatrigueros/programas/osggis_googlecode/3dgis/src/osgGISProjects/QuadKey">
      </Unit>
      <Unit filename="/home/jatrigueros/programas/osggis_googlecode/3dgis/src/osgGISProjects/QuadTreeMapLayerCompiler">
      </Unit>
      <Unit filename="/home/jatrigueros/programas/osggis_googlecode/3dgis/src/osgGISProjects/RuntimeMap">
      </Unit>
      <Unit filename="/home/jatrigueros/programas/osggis_googlecode/3dgis/src/osgGISProjects/RuntimeMapLayer">
      </Unit>
      <Unit filename="/home/jatrigueros/programas/osggis_googlecode/3dgis/src/osgGISProjects/Serializer">
      </Unit>
      <Unit filename="/home/jatrigueros/programas/osggis_googlecode/3dgis/src/osgGISProjects/SimpleMapLayerCompiler">
      </Unit>
      <Unit filename="/home/jatrigueros/programas/osggis_googlecode/3dgis/src/osgGISProjects/Source">
      </Unit>
      <Unit filename="/home/jatrigueros/programas/osggis_googlecode/3dgis/src/osgGISProjects/Terrain">
      </Unit>
      <Unit filename="/home/jatrigueros/programas/osggis_googlecode/3dgis/src/osgGISProjects/XmlDOM">
      </Unit>
      <Unit filename="/home/jatrigueros/programas/osggis_googlecode/3dgis/src/osgGISProjects/XmlDocument">
      </Unit>
      <Unit filename="/home/jatrigueros/programas/osggis_googlecode/3dgis/src/osgGISProjects/XmlSerializer">
      </Unit>
      <Unit filename="/home/jatrigueros/programas/osggis_googlecode/3dgis/CMakeLists.txt">
          <Option virtualFolder="CMake Files\" />
      </Unit>
      <Unit filename="/home/jatrigueros/programas/osggis_googlecode/3dgis/CMakeModules/FindOSG.cmake">
          <Option virtualFolder="CMake Files\CMakeModules\" />
      </Unit>
      <Unit filename="/home/jatrigueros/programas/osggis_googlecode/3dgis/CMakeModules/FindGDAL.cmake">
          <Option virtualFolder="CMake Files\CMakeModules\" />
      </Unit>
      <Unit filename="/home/jatrigueros/programas/osggis_googlecode/3dgis/CMakeModules/FindLUA.cmake">
          <Option virtualFolder="CMake Files\CMakeModules\" />
      </Unit>
      <Unit filename="/home/jatrigueros/programas/osggis_googlecode/3dgis/CMakeModules/FindTOLUA.cmake">
          <Option virtualFolder="CMake Files\CMakeModules\" />
      </Unit>
      <Unit filename="/home/jatrigueros/programas/osggis_googlecode/3dgis/CMakeModules/OsgGISMacroUtils.cmake">
          <Option virtualFolder="CMake Files\CMakeModules\" />
      </Unit>
      <Unit filename="/home/jatrigueros/programas/osggis_googlecode/3dgis/CMakeModules/cmake_uninstall.cmake.in">
          <Option virtualFolder="CMake Files\CMakeModules\" />
      </Unit>
      <Unit filename="/home/jatrigueros/programas/osggis_googlecode/3dgis/CMakeModules/ModuleInstall.cmake">
          <Option virtualFolder="CMake Files\CMakeModules\" />
      </Unit>
      <Unit filename="/home/jatrigueros/programas/osggis_googlecode/3dgis/CMakeModules/ModuleInstall.cmake">
          <Option virtualFolder="CMake Files\CMakeModules\" />
      </Unit>
      <Unit filename="/home/jatrigueros/programas/osggis_googlecode/3dgis/src/CMakeLists.txt">
          <Option virtualFolder="CMake Files\src\" />
      </Unit>
      <Unit filename="/home/jatrigueros/programas/osggis_googlecode/3dgis/src/osgGIS/CMakeLists.txt">
          <Option virtualFolder="CMake Files\src\osgGIS\" />
      </Unit>
      <Unit filename="/home/jatrigueros/programas/osggis_googlecode/3dgis/src/osgGISProjects/CMakeLists.txt">
          <Option virtualFolder="CMake Files\src\osgGISProjects\" />
      </Unit>
      <Unit filename="/home/jatrigueros/programas/osggis_googlecode/3dgis/src/osggis_build/CMakeLists.txt">
          <Option virtualFolder="CMake Files\src\osggis_build\" />
      </Unit>
      <Unit filename="/home/jatrigueros/programas/osggis_googlecode/3dgis/src/osggis_makelayer/CMakeLists.txt">
          <Option virtualFolder="CMake Files\src\osggis_makelayer\" />
      </Unit>
      <Unit filename="/home/jatrigueros/programas/osggis_googlecode/3dgis/src/osggis_simple/CMakeLists.txt">
          <Option virtualFolder="CMake Files\src\osggis_simple\" />
      </Unit>
      <Unit filename="/home/jatrigueros/programas/osggis_googlecode/3dgis/src/osggis_viewer/CMakeLists.txt">
          <Option virtualFolder="CMake Files\src\osggis_viewer\" />
      </Unit>
      <Unit filename="/home/jatrigueros/programas/osggis_googlecode/3dgis/src/osggis_mapper/CMakeLists.txt">
          <Option virtualFolder="CMake Files\src\osggis_mapper\" />
      </Unit>
      <Unit filename="/home/jatrigueros/programas/osggis_googlecode/3dgis/src/osggis_drape/CMakeLists.txt">
          <Option virtualFolder="CMake Files\src\osggis_drape\" />
      </Unit>
      <Unit filename="/home/jatrigueros/programas/osggis_googlecode/3dgis/tests/CMakeLists.txt">
          <Option virtualFolder="CMake Files\tests\" />
      </Unit>
      <Unit filename="/home/jatrigueros/programas/osggis_googlecode/3dgis/tests/encode/CMakeLists.txt">
          <Option virtualFolder="CMake Files\tests\encode\" />
      </Unit>
   </Project>
</CodeBlocks_project_file>
